// !$*UTF8*$!
{
	archiveVersion = 1;
	classes = {
	};
	objectVersion = 56;
	objects = {

/* Begin PBXBuildFile section */
		9B0A8EC52A9B5AC800943C2B /* ShoppingListView.swift in Sources */ = {isa = PBXBuildFile; fileRef = 9B0A8EC42A9B5AC800943C2B /* ShoppingListView.swift */; };
		9B0A8EC72A9B5BF400943C2B /* ShoppingListRowView.swift in Sources */ = {isa = PBXBuildFile; fileRef = 9B0A8EC62A9B5BF400943C2B /* ShoppingListRowView.swift */; };
		9B0A8EC92A9B724000943C2B /* RemindersViewModel.swift in Sources */ = {isa = PBXBuildFile; fileRef = 9B0A8EC82A9B724000943C2B /* RemindersViewModel.swift */; };
		9B17BF072A95BBE7007516C6 /* HomeHQApp.swift in Sources */ = {isa = PBXBuildFile; fileRef = 9B17BF062A95BBE7007516C6 /* HomeHQApp.swift */; };
		9B17BF0B2A95BBE8007516C6 /* Assets.xcassets in Resources */ = {isa = PBXBuildFile; fileRef = 9B17BF0A2A95BBE8007516C6 /* Assets.xcassets */; };
		9B17BF0E2A95BBE8007516C6 /* Preview Assets.xcassets in Resources */ = {isa = PBXBuildFile; fileRef = 9B17BF0D2A95BBE8007516C6 /* Preview Assets.xcassets */; };
		9B17BF152A95BBFE007516C6 /* DashboardView.swift in Sources */ = {isa = PBXBuildFile; fileRef = 9B17BF142A95BBFE007516C6 /* DashboardView.swift */; };
		9B17BF182A95BCB6007516C6 /* TabBarView.swift in Sources */ = {isa = PBXBuildFile; fileRef = 9B17BF172A95BCB6007516C6 /* TabBarView.swift */; };
		9B17BF1A2A95BCD2007516C6 /* TabBarViewModel.swift in Sources */ = {isa = PBXBuildFile; fileRef = 9B17BF192A95BCD2007516C6 /* TabBarViewModel.swift */; };
		9B17BF1D2A95BD4D007516C6 /* BillView.swift in Sources */ = {isa = PBXBuildFile; fileRef = 9B17BF1C2A95BD4D007516C6 /* BillView.swift */; };
		9B17BF1F2A95BD73007516C6 /* NoticeBoardView.swift in Sources */ = {isa = PBXBuildFile; fileRef = 9B17BF1E2A95BD73007516C6 /* NoticeBoardView.swift */; };
		9B17BF212A95BD87007516C6 /* RemindersView.swift in Sources */ = {isa = PBXBuildFile; fileRef = 9B17BF202A95BD87007516C6 /* RemindersView.swift */; };
		9B17BF232A95BD95007516C6 /* HouseDutiesView.swift in Sources */ = {isa = PBXBuildFile; fileRef = 9B17BF222A95BD95007516C6 /* HouseDutiesView.swift */; };
		9B17BF252A95BD9D007516C6 /* SettingsView.swift in Sources */ = {isa = PBXBuildFile; fileRef = 9B17BF242A95BD9D007516C6 /* SettingsView.swift */; };
		9B17BF272A95C12A007516C6 /* DashboardViewModel.swift in Sources */ = {isa = PBXBuildFile; fileRef = 9B17BF262A95C12A007516C6 /* DashboardViewModel.swift */; };
		9B17BF292A95D466007516C6 /* NoticeBoardWidgetView.swift in Sources */ = {isa = PBXBuildFile; fileRef = 9B17BF282A95D466007516C6 /* NoticeBoardWidgetView.swift */; };
		9B17BF2B2A95D4E4007516C6 /* NoticeBoardViewModel.swift in Sources */ = {isa = PBXBuildFile; fileRef = 9B17BF2A2A95D4E4007516C6 /* NoticeBoardViewModel.swift */; };
		9B17BF2D2A95D5DC007516C6 /* BillViewModel.swift in Sources */ = {isa = PBXBuildFile; fileRef = 9B17BF2C2A95D5DC007516C6 /* BillViewModel.swift */; };
		9B17BF2F2A95D64A007516C6 /* BillWidgetView.swift in Sources */ = {isa = PBXBuildFile; fileRef = 9B17BF2E2A95D64A007516C6 /* BillWidgetView.swift */; };
		9B17BF312A95D734007516C6 /* ShoppingListViewModel.swift in Sources */ = {isa = PBXBuildFile; fileRef = 9B17BF302A95D734007516C6 /* ShoppingListViewModel.swift */; };
		9B17BF332A95D752007516C6 /* RemindersWidgetView.swift in Sources */ = {isa = PBXBuildFile; fileRef = 9B17BF322A95D752007516C6 /* RemindersWidgetView.swift */; };
		9B17BF352A95DDE6007516C6 /* HouseDutiesWidgetView.swift in Sources */ = {isa = PBXBuildFile; fileRef = 9B17BF342A95DDE6007516C6 /* HouseDutiesWidgetView.swift */; };
		9B17BF372A95DE25007516C6 /* HouseDutiesViewModel.swift in Sources */ = {isa = PBXBuildFile; fileRef = 9B17BF362A95DE25007516C6 /* HouseDutiesViewModel.swift */; };
		9B17BF392A9608FE007516C6 /* GoogleService-Info.plist in Resources */ = {isa = PBXBuildFile; fileRef = 9B17BF382A9608FE007516C6 /* GoogleService-Info.plist */; };
		9B17BF3C2A96096B007516C6 /* FirebaseAnalytics in Frameworks */ = {isa = PBXBuildFile; productRef = 9B17BF3B2A96096B007516C6 /* FirebaseAnalytics */; };
		9B17BF3E2A96096B007516C6 /* FirebaseAnalyticsSwift in Frameworks */ = {isa = PBXBuildFile; productRef = 9B17BF3D2A96096B007516C6 /* FirebaseAnalyticsSwift */; };
		9B17BF402A96096B007516C6 /* FirebaseAuth in Frameworks */ = {isa = PBXBuildFile; productRef = 9B17BF3F2A96096B007516C6 /* FirebaseAuth */; };
		9B17BF432A96222B007516C6 /* NoticeWidgetRowView.swift in Sources */ = {isa = PBXBuildFile; fileRef = 9B17BF422A96222B007516C6 /* NoticeWidgetRowView.swift */; };
		9B17BF452A96289D007516C6 /* NoticeRowView.swift in Sources */ = {isa = PBXBuildFile; fileRef = 9B17BF442A96289D007516C6 /* NoticeRowView.swift */; };
		9B17BF482A9639C6007516C6 /* ImportanceView.swift in Sources */ = {isa = PBXBuildFile; fileRef = 9B17BF472A9639C6007516C6 /* ImportanceView.swift */; };
		9B7C7FC52A9EEC65009B53E6 /* NoticeModel.swift in Sources */ = {isa = PBXBuildFile; fileRef = 9B7C7FC42A9EEC65009B53E6 /* NoticeModel.swift */; };
		9B9110FA2A9C5BCD0020530B /* ShoppingListItemModel.swift in Sources */ = {isa = PBXBuildFile; fileRef = 9B9110F92A9C5BCD0020530B /* ShoppingListItemModel.swift */; };
		9B95C8B02A9EBD0400F61C8B /* LaunchScreen.storyboard in Resources */ = {isa = PBXBuildFile; fileRef = 9B95C8AF2A9EBD0400F61C8B /* LaunchScreen.storyboard */; };
		9B95C8B22A9ECF9200F61C8B /* ShoppingListWidgetView.swift in Sources */ = {isa = PBXBuildFile; fileRef = 9B95C8B12A9ECF9200F61C8B /* ShoppingListWidgetView.swift */; };
		9B95C8B42A9ED0E300F61C8B /* ShoppingListWidgetRowView.swift in Sources */ = {isa = PBXBuildFile; fileRef = 9B95C8B32A9ED0E300F61C8B /* ShoppingListWidgetRowView.swift */; };
		9BF66B0B2A98BA3C00720241 /* WeekPlannerView.swift in Sources */ = {isa = PBXBuildFile; fileRef = 9BF66B0A2A98BA3C00720241 /* WeekPlannerView.swift */; };
		9BF66B0D2A98C04C00720241 /* WeekPlannerRowView.swift in Sources */ = {isa = PBXBuildFile; fileRef = 9BF66B0C2A98C04C00720241 /* WeekPlannerRowView.swift */; };
		9BF66B112A98D1AE00720241 /* BulletinView.swift in Sources */ = {isa = PBXBuildFile; fileRef = 9BF66B102A98D1AE00720241 /* BulletinView.swift */; };
		9BF66B132A99F19400720241 /* AddNoticeView.swift in Sources */ = {isa = PBXBuildFile; fileRef = 9BF66B122A99F19400720241 /* AddNoticeView.swift */; };
/* End PBXBuildFile section */

/* Begin PBXFileReference section */
		9B0A8EC42A9B5AC800943C2B /* ShoppingListView.swift */ = {isa = PBXFileReference; lastKnownFileType = sourcecode.swift; path = ShoppingListView.swift; sourceTree = "<group>"; };
		9B0A8EC62A9B5BF400943C2B /* ShoppingListRowView.swift */ = {isa = PBXFileReference; lastKnownFileType = sourcecode.swift; path = ShoppingListRowView.swift; sourceTree = "<group>"; };
		9B0A8EC82A9B724000943C2B /* RemindersViewModel.swift */ = {isa = PBXFileReference; lastKnownFileType = sourcecode.swift; path = RemindersViewModel.swift; sourceTree = "<group>"; };
		9B17BF032A95BBE7007516C6 /* HomeHQ.app */ = {isa = PBXFileReference; explicitFileType = wrapper.application; includeInIndex = 0; path = HomeHQ.app; sourceTree = BUILT_PRODUCTS_DIR; };
		9B17BF062A95BBE7007516C6 /* HomeHQApp.swift */ = {isa = PBXFileReference; lastKnownFileType = sourcecode.swift; path = HomeHQApp.swift; sourceTree = "<group>"; };
		9B17BF0A2A95BBE8007516C6 /* Assets.xcassets */ = {isa = PBXFileReference; lastKnownFileType = folder.assetcatalog; path = Assets.xcassets; sourceTree = "<group>"; };
		9B17BF0D2A95BBE8007516C6 /* Preview Assets.xcassets */ = {isa = PBXFileReference; lastKnownFileType = folder.assetcatalog; path = "Preview Assets.xcassets"; sourceTree = "<group>"; };
		9B17BF142A95BBFE007516C6 /* DashboardView.swift */ = {isa = PBXFileReference; lastKnownFileType = sourcecode.swift; name = DashboardView.swift; path = ../DashboardView.swift; sourceTree = "<group>"; };
		9B17BF172A95BCB6007516C6 /* TabBarView.swift */ = {isa = PBXFileReference; lastKnownFileType = sourcecode.swift; path = TabBarView.swift; sourceTree = "<group>"; };
		9B17BF192A95BCD2007516C6 /* TabBarViewModel.swift */ = {isa = PBXFileReference; lastKnownFileType = sourcecode.swift; path = TabBarViewModel.swift; sourceTree = "<group>"; };
		9B17BF1C2A95BD4D007516C6 /* BillView.swift */ = {isa = PBXFileReference; lastKnownFileType = sourcecode.swift; path = BillView.swift; sourceTree = "<group>"; };
		9B17BF1E2A95BD73007516C6 /* NoticeBoardView.swift */ = {isa = PBXFileReference; lastKnownFileType = sourcecode.swift; path = NoticeBoardView.swift; sourceTree = "<group>"; };
		9B17BF202A95BD87007516C6 /* RemindersView.swift */ = {isa = PBXFileReference; lastKnownFileType = sourcecode.swift; path = RemindersView.swift; sourceTree = "<group>"; };
		9B17BF222A95BD95007516C6 /* HouseDutiesView.swift */ = {isa = PBXFileReference; lastKnownFileType = sourcecode.swift; path = HouseDutiesView.swift; sourceTree = "<group>"; };
		9B17BF242A95BD9D007516C6 /* SettingsView.swift */ = {isa = PBXFileReference; lastKnownFileType = sourcecode.swift; path = SettingsView.swift; sourceTree = "<group>"; };
		9B17BF262A95C12A007516C6 /* DashboardViewModel.swift */ = {isa = PBXFileReference; lastKnownFileType = sourcecode.swift; path = DashboardViewModel.swift; sourceTree = "<group>"; };
		9B17BF282A95D466007516C6 /* NoticeBoardWidgetView.swift */ = {isa = PBXFileReference; lastKnownFileType = sourcecode.swift; path = NoticeBoardWidgetView.swift; sourceTree = "<group>"; };
		9B17BF2A2A95D4E4007516C6 /* NoticeBoardViewModel.swift */ = {isa = PBXFileReference; lastKnownFileType = sourcecode.swift; path = NoticeBoardViewModel.swift; sourceTree = "<group>"; };
		9B17BF2C2A95D5DC007516C6 /* BillViewModel.swift */ = {isa = PBXFileReference; lastKnownFileType = sourcecode.swift; path = BillViewModel.swift; sourceTree = "<group>"; };
		9B17BF2E2A95D64A007516C6 /* BillWidgetView.swift */ = {isa = PBXFileReference; lastKnownFileType = sourcecode.swift; path = BillWidgetView.swift; sourceTree = "<group>"; };
		9B17BF302A95D734007516C6 /* ShoppingListViewModel.swift */ = {isa = PBXFileReference; lastKnownFileType = sourcecode.swift; path = ShoppingListViewModel.swift; sourceTree = "<group>"; };
		9B17BF322A95D752007516C6 /* RemindersWidgetView.swift */ = {isa = PBXFileReference; lastKnownFileType = sourcecode.swift; path = RemindersWidgetView.swift; sourceTree = "<group>"; };
		9B17BF342A95DDE6007516C6 /* HouseDutiesWidgetView.swift */ = {isa = PBXFileReference; lastKnownFileType = sourcecode.swift; path = HouseDutiesWidgetView.swift; sourceTree = "<group>"; };
		9B17BF362A95DE25007516C6 /* HouseDutiesViewModel.swift */ = {isa = PBXFileReference; lastKnownFileType = sourcecode.swift; path = HouseDutiesViewModel.swift; sourceTree = "<group>"; };
		9B17BF382A9608FE007516C6 /* GoogleService-Info.plist */ = {isa = PBXFileReference; fileEncoding = 4; lastKnownFileType = text.plist.xml; path = "GoogleService-Info.plist"; sourceTree = "<group>"; };
		9B17BF412A9609C9007516C6 /* Info.plist */ = {isa = PBXFileReference; lastKnownFileType = text.plist; path = Info.plist; sourceTree = "<group>"; };
		9B17BF422A96222B007516C6 /* NoticeWidgetRowView.swift */ = {isa = PBXFileReference; lastKnownFileType = sourcecode.swift; path = NoticeWidgetRowView.swift; sourceTree = "<group>"; };
		9B17BF442A96289D007516C6 /* NoticeRowView.swift */ = {isa = PBXFileReference; lastKnownFileType = sourcecode.swift; path = NoticeRowView.swift; sourceTree = "<group>"; };
		9B17BF472A9639C6007516C6 /* ImportanceView.swift */ = {isa = PBXFileReference; lastKnownFileType = sourcecode.swift; path = ImportanceView.swift; sourceTree = "<group>"; };
		9B7C7FC42A9EEC65009B53E6 /* NoticeModel.swift */ = {isa = PBXFileReference; lastKnownFileType = sourcecode.swift; path = NoticeModel.swift; sourceTree = "<group>"; };
		9B9110F92A9C5BCD0020530B /* ShoppingListItemModel.swift */ = {isa = PBXFileReference; lastKnownFileType = sourcecode.swift; path = ShoppingListItemModel.swift; sourceTree = "<group>"; };
		9B95C8AF2A9EBD0400F61C8B /* LaunchScreen.storyboard */ = {isa = PBXFileReference; lastKnownFileType = file.storyboard; path = LaunchScreen.storyboard; sourceTree = "<group>"; };
		9B95C8B12A9ECF9200F61C8B /* ShoppingListWidgetView.swift */ = {isa = PBXFileReference; lastKnownFileType = sourcecode.swift; path = ShoppingListWidgetView.swift; sourceTree = "<group>"; };
		9B95C8B32A9ED0E300F61C8B /* ShoppingListWidgetRowView.swift */ = {isa = PBXFileReference; lastKnownFileType = sourcecode.swift; path = ShoppingListWidgetRowView.swift; sourceTree = "<group>"; };
		9BF66B0A2A98BA3C00720241 /* WeekPlannerView.swift */ = {isa = PBXFileReference; lastKnownFileType = sourcecode.swift; path = WeekPlannerView.swift; sourceTree = "<group>"; };
		9BF66B0C2A98C04C00720241 /* WeekPlannerRowView.swift */ = {isa = PBXFileReference; lastKnownFileType = sourcecode.swift; path = WeekPlannerRowView.swift; sourceTree = "<group>"; };
		9BF66B102A98D1AE00720241 /* BulletinView.swift */ = {isa = PBXFileReference; lastKnownFileType = sourcecode.swift; path = BulletinView.swift; sourceTree = "<group>"; };
		9BF66B122A99F19400720241 /* AddNoticeView.swift */ = {isa = PBXFileReference; lastKnownFileType = sourcecode.swift; path = AddNoticeView.swift; sourceTree = "<group>"; };
/* End PBXFileReference section */

/* Begin PBXFrameworksBuildPhase section */
		9B17BF002A95BBE7007516C6 /* Frameworks */ = {
			isa = PBXFrameworksBuildPhase;
			buildActionMask = 2147483647;
			files = (
				9B17BF3E2A96096B007516C6 /* FirebaseAnalyticsSwift in Frameworks */,
				9B17BF402A96096B007516C6 /* FirebaseAuth in Frameworks */,
				9B17BF3C2A96096B007516C6 /* FirebaseAnalytics in Frameworks */,
			);
			runOnlyForDeploymentPostprocessing = 0;
		};
/* End PBXFrameworksBuildPhase section */

/* Begin PBXGroup section */
		9B17BEFA2A95BBE7007516C6 = {
			isa = PBXGroup;
			children = (
				9B17BF382A9608FE007516C6 /* GoogleService-Info.plist */,
				9B17BF052A95BBE7007516C6 /* HomeHQ */,
				9B17BF042A95BBE7007516C6 /* Products */,
			);
			sourceTree = "<group>";
		};
		9B17BF042A95BBE7007516C6 /* Products */ = {
			isa = PBXGroup;
			children = (
				9B17BF032A95BBE7007516C6 /* HomeHQ.app */,
			);
			name = Products;
			sourceTree = "<group>";
		};
		9B17BF052A95BBE7007516C6 /* HomeHQ */ = {
			isa = PBXGroup;
			children = (
				9B9110FB2A9C62230020530B /* Model */,
				9B17BF412A9609C9007516C6 /* Info.plist */,
				9B17BF1B2A95BCD7007516C6 /* ViewModel */,
				9B17BF162A95BC05007516C6 /* View */,
				9B17BF062A95BBE7007516C6 /* HomeHQApp.swift */,
				9B17BF0A2A95BBE8007516C6 /* Assets.xcassets */,
				9B17BF0C2A95BBE8007516C6 /* Preview Content */,
			);
			path = HomeHQ;
			sourceTree = "<group>";
		};
		9B17BF0C2A95BBE8007516C6 /* Preview Content */ = {
			isa = PBXGroup;
			children = (
				9B17BF0D2A95BBE8007516C6 /* Preview Assets.xcassets */,
			);
			path = "Preview Content";
			sourceTree = "<group>";
		};
		9B17BF162A95BC05007516C6 /* View */ = {
			isa = PBXGroup;
			children = (
				9B17BF462A9628AB007516C6 /* Notice Board */,
				9B17BF142A95BBFE007516C6 /* DashboardView.swift */,
				9B17BF172A95BCB6007516C6 /* TabBarView.swift */,
				9B17BF1C2A95BD4D007516C6 /* BillView.swift */,
				9B17BF202A95BD87007516C6 /* RemindersView.swift */,
				9B17BF222A95BD95007516C6 /* HouseDutiesView.swift */,
				9B17BF242A95BD9D007516C6 /* SettingsView.swift */,
				9B17BF2E2A95D64A007516C6 /* BillWidgetView.swift */,
				9B17BF322A95D752007516C6 /* RemindersWidgetView.swift */,
				9B17BF342A95DDE6007516C6 /* HouseDutiesWidgetView.swift */,
				9B0A8EC42A9B5AC800943C2B /* ShoppingListView.swift */,
				9B0A8EC62A9B5BF400943C2B /* ShoppingListRowView.swift */,
				9B95C8AF2A9EBD0400F61C8B /* LaunchScreen.storyboard */,
				9B95C8B12A9ECF9200F61C8B /* ShoppingListWidgetView.swift */,
				9B95C8B32A9ED0E300F61C8B /* ShoppingListWidgetRowView.swift */,
			);
			path = View;
			sourceTree = "<group>";
		};
		9B17BF1B2A95BCD7007516C6 /* ViewModel */ = {
			isa = PBXGroup;
			children = (
				9B17BF192A95BCD2007516C6 /* TabBarViewModel.swift */,
				9B17BF262A95C12A007516C6 /* DashboardViewModel.swift */,
				9B17BF2A2A95D4E4007516C6 /* NoticeBoardViewModel.swift */,
				9B17BF2C2A95D5DC007516C6 /* BillViewModel.swift */,
				9B17BF302A95D734007516C6 /* ShoppingListViewModel.swift */,
				9B17BF362A95DE25007516C6 /* HouseDutiesViewModel.swift */,
				9B0A8EC82A9B724000943C2B /* RemindersViewModel.swift */,
			);
			path = ViewModel;
			sourceTree = "<group>";
		};
		9B17BF462A9628AB007516C6 /* Notice Board */ = {
			isa = PBXGroup;
			children = (
				9B17BF1E2A95BD73007516C6 /* NoticeBoardView.swift */,
				9B17BF282A95D466007516C6 /* NoticeBoardWidgetView.swift */,
				9B17BF422A96222B007516C6 /* NoticeWidgetRowView.swift */,
				9B17BF442A96289D007516C6 /* NoticeRowView.swift */,
				9B17BF472A9639C6007516C6 /* ImportanceView.swift */,
				9BF66B0A2A98BA3C00720241 /* WeekPlannerView.swift */,
				9BF66B0C2A98C04C00720241 /* WeekPlannerRowView.swift */,
				9BF66B102A98D1AE00720241 /* BulletinView.swift */,
				9BF66B122A99F19400720241 /* AddNoticeView.swift */,
			);
			path = "Notice Board";
			sourceTree = "<group>";
		};
		9B9110FB2A9C62230020530B /* Model */ = {
			isa = PBXGroup;
			children = (
				9B9110F92A9C5BCD0020530B /* ShoppingListItemModel.swift */,
				9B7C7FC42A9EEC65009B53E6 /* NoticeModel.swift */,
			);
			path = Model;
			sourceTree = "<group>";
		};
/* End PBXGroup section */

/* Begin PBXNativeTarget section */
		9B17BF022A95BBE7007516C6 /* HomeHQ */ = {
			isa = PBXNativeTarget;
			buildConfigurationList = 9B17BF112A95BBE8007516C6 /* Build configuration list for PBXNativeTarget "HomeHQ" */;
			buildPhases = (
				9B17BEFF2A95BBE7007516C6 /* Sources */,
				9B17BF002A95BBE7007516C6 /* Frameworks */,
				9B17BF012A95BBE7007516C6 /* Resources */,
			);
			buildRules = (
			);
			dependencies = (
			);
			name = HomeHQ;
			packageProductDependencies = (
				9B17BF3B2A96096B007516C6 /* FirebaseAnalytics */,
				9B17BF3D2A96096B007516C6 /* FirebaseAnalyticsSwift */,
				9B17BF3F2A96096B007516C6 /* FirebaseAuth */,
			);
			productName = HomeHQ;
			productReference = 9B17BF032A95BBE7007516C6 /* HomeHQ.app */;
			productType = "com.apple.product-type.application";
		};
/* End PBXNativeTarget section */

/* Begin PBXProject section */
		9B17BEFB2A95BBE7007516C6 /* Project object */ = {
			isa = PBXProject;
			attributes = {
				BuildIndependentTargetsInParallel = 1;
				LastSwiftUpdateCheck = 1430;
				LastUpgradeCheck = 1430;
				TargetAttributes = {
					9B17BF022A95BBE7007516C6 = {
						CreatedOnToolsVersion = 14.3.1;
					};
				};
			};
			buildConfigurationList = 9B17BEFE2A95BBE7007516C6 /* Build configuration list for PBXProject "HomeHQ" */;
			compatibilityVersion = "Xcode 14.0";
			developmentRegion = en;
			hasScannedForEncodings = 0;
			knownRegions = (
				en,
				Base,
			);
			mainGroup = 9B17BEFA2A95BBE7007516C6;
			packageReferences = (
				9B17BF3A2A96096B007516C6 /* XCRemoteSwiftPackageReference "firebase-ios-sdk" */,
			);
			productRefGroup = 9B17BF042A95BBE7007516C6 /* Products */;
			projectDirPath = "";
			projectRoot = "";
			targets = (
				9B17BF022A95BBE7007516C6 /* HomeHQ */,
			);
		};
/* End PBXProject section */

/* Begin PBXResourcesBuildPhase section */
		9B17BF012A95BBE7007516C6 /* Resources */ = {
			isa = PBXResourcesBuildPhase;
			buildActionMask = 2147483647;
			files = (
				9B17BF0E2A95BBE8007516C6 /* Preview Assets.xcassets in Resources */,
				9B95C8B02A9EBD0400F61C8B /* LaunchScreen.storyboard in Resources */,
				9B17BF0B2A95BBE8007516C6 /* Assets.xcassets in Resources */,
				9B17BF392A9608FE007516C6 /* GoogleService-Info.plist in Resources */,
			);
			runOnlyForDeploymentPostprocessing = 0;
		};
/* End PBXResourcesBuildPhase section */

/* Begin PBXSourcesBuildPhase section */
		9B17BEFF2A95BBE7007516C6 /* Sources */ = {
			isa = PBXSourcesBuildPhase;
			buildActionMask = 2147483647;
			files = (
				9B17BF2B2A95D4E4007516C6 /* NoticeBoardViewModel.swift in Sources */,
				9B17BF1A2A95BCD2007516C6 /* TabBarViewModel.swift in Sources */,
				9BF66B0D2A98C04C00720241 /* WeekPlannerRowView.swift in Sources */,
				9B17BF1F2A95BD73007516C6 /* NoticeBoardView.swift in Sources */,
				9B17BF432A96222B007516C6 /* NoticeWidgetRowView.swift in Sources */,
				9BF66B132A99F19400720241 /* AddNoticeView.swift in Sources */,
				9B17BF212A95BD87007516C6 /* RemindersView.swift in Sources */,
				9B9110FA2A9C5BCD0020530B /* ShoppingListItemModel.swift in Sources */,
				9B17BF2F2A95D64A007516C6 /* BillWidgetView.swift in Sources */,
				9B0A8EC52A9B5AC800943C2B /* ShoppingListView.swift in Sources */,
				9B95C8B22A9ECF9200F61C8B /* ShoppingListWidgetView.swift in Sources */,
				9BF66B0B2A98BA3C00720241 /* WeekPlannerView.swift in Sources */,
				9B17BF232A95BD95007516C6 /* HouseDutiesView.swift in Sources */,
				9B17BF2D2A95D5DC007516C6 /* BillViewModel.swift in Sources */,
				9B0A8EC92A9B724000943C2B /* RemindersViewModel.swift in Sources */,
				9B17BF372A95DE25007516C6 /* HouseDutiesViewModel.swift in Sources */,
				9B17BF352A95DDE6007516C6 /* HouseDutiesWidgetView.swift in Sources */,
				9B17BF272A95C12A007516C6 /* DashboardViewModel.swift in Sources */,
				9B95C8B42A9ED0E300F61C8B /* ShoppingListWidgetRowView.swift in Sources */,
				9B17BF452A96289D007516C6 /* NoticeRowView.swift in Sources */,
				9B17BF312A95D734007516C6 /* ShoppingListViewModel.swift in Sources */,
				9BF66B112A98D1AE00720241 /* BulletinView.swift in Sources */,
				9B17BF332A95D752007516C6 /* RemindersWidgetView.swift in Sources */,
				9B17BF252A95BD9D007516C6 /* SettingsView.swift in Sources */,
				9B17BF152A95BBFE007516C6 /* DashboardView.swift in Sources */,
				9B17BF182A95BCB6007516C6 /* TabBarView.swift in Sources */,
				9B17BF072A95BBE7007516C6 /* HomeHQApp.swift in Sources */,
				9B17BF482A9639C6007516C6 /* ImportanceView.swift in Sources */,
				9B0A8EC72A9B5BF400943C2B /* ShoppingListRowView.swift in Sources */,
				9B17BF1D2A95BD4D007516C6 /* BillView.swift in Sources */,
				9B17BF292A95D466007516C6 /* NoticeBoardWidgetView.swift in Sources */,
				9B7C7FC52A9EEC65009B53E6 /* NoticeModel.swift in Sources */,
			);
			runOnlyForDeploymentPostprocessing = 0;
		};
/* End PBXSourcesBuildPhase section */

/* Begin XCBuildConfiguration section */
		9B17BF0F2A95BBE8007516C6 /* Debug */ = {
			isa = XCBuildConfiguration;
			buildSettings = {
				ALWAYS_SEARCH_USER_PATHS = NO;
				CLANG_ANALYZER_NONNULL = YES;
				CLANG_ANALYZER_NUMBER_OBJECT_CONVERSION = YES_AGGRESSIVE;
				CLANG_CXX_LANGUAGE_STANDARD = "gnu++20";
				CLANG_ENABLE_MODULES = YES;
				CLANG_ENABLE_OBJC_ARC = YES;
				CLANG_ENABLE_OBJC_WEAK = YES;
				CLANG_WARN_BLOCK_CAPTURE_AUTORELEASING = YES;
				CLANG_WARN_BOOL_CONVERSION = YES;
				CLANG_WARN_COMMA = YES;
				CLANG_WARN_CONSTANT_CONVERSION = YES;
				CLANG_WARN_DEPRECATED_OBJC_IMPLEMENTATIONS = YES;
				CLANG_WARN_DIRECT_OBJC_ISA_USAGE = YES_ERROR;
				CLANG_WARN_DOCUMENTATION_COMMENTS = YES;
				CLANG_WARN_EMPTY_BODY = YES;
				CLANG_WARN_ENUM_CONVERSION = YES;
				CLANG_WARN_INFINITE_RECURSION = YES;
				CLANG_WARN_INT_CONVERSION = YES;
				CLANG_WARN_NON_LITERAL_NULL_CONVERSION = YES;
				CLANG_WARN_OBJC_IMPLICIT_RETAIN_SELF = YES;
				CLANG_WARN_OBJC_LITERAL_CONVERSION = YES;
				CLANG_WARN_OBJC_ROOT_CLASS = YES_ERROR;
				CLANG_WARN_QUOTED_INCLUDE_IN_FRAMEWORK_HEADER = YES;
				CLANG_WARN_RANGE_LOOP_ANALYSIS = YES;
				CLANG_WARN_STRICT_PROTOTYPES = YES;
				CLANG_WARN_SUSPICIOUS_MOVE = YES;
				CLANG_WARN_UNGUARDED_AVAILABILITY = YES_AGGRESSIVE;
				CLANG_WARN_UNREACHABLE_CODE = YES;
				CLANG_WARN__DUPLICATE_METHOD_MATCH = YES;
				COPY_PHASE_STRIP = NO;
				DEBUG_INFORMATION_FORMAT = dwarf;
				ENABLE_STRICT_OBJC_MSGSEND = YES;
				ENABLE_TESTABILITY = YES;
				GCC_C_LANGUAGE_STANDARD = gnu11;
				GCC_DYNAMIC_NO_PIC = NO;
				GCC_NO_COMMON_BLOCKS = YES;
				GCC_OPTIMIZATION_LEVEL = 0;
				GCC_PREPROCESSOR_DEFINITIONS = (
					"DEBUG=1",
					"$(inherited)",
				);
				GCC_WARN_64_TO_32_BIT_CONVERSION = YES;
				GCC_WARN_ABOUT_RETURN_TYPE = YES_ERROR;
				GCC_WARN_UNDECLARED_SELECTOR = YES;
				GCC_WARN_UNINITIALIZED_AUTOS = YES_AGGRESSIVE;
				GCC_WARN_UNUSED_FUNCTION = YES;
				GCC_WARN_UNUSED_VARIABLE = YES;
				IPHONEOS_DEPLOYMENT_TARGET = 16.0;
				MTL_ENABLE_DEBUG_INFO = INCLUDE_SOURCE;
				MTL_FAST_MATH = YES;
				ONLY_ACTIVE_ARCH = YES;
				SDKROOT = iphoneos;
				SWIFT_ACTIVE_COMPILATION_CONDITIONS = DEBUG;
				SWIFT_OPTIMIZATION_LEVEL = "-Onone";
			};
			name = Debug;
		};
		9B17BF102A95BBE8007516C6 /* Release */ = {
			isa = XCBuildConfiguration;
			buildSettings = {
				ALWAYS_SEARCH_USER_PATHS = NO;
				CLANG_ANALYZER_NONNULL = YES;
				CLANG_ANALYZER_NUMBER_OBJECT_CONVERSION = YES_AGGRESSIVE;
				CLANG_CXX_LANGUAGE_STANDARD = "gnu++20";
				CLANG_ENABLE_MODULES = YES;
				CLANG_ENABLE_OBJC_ARC = YES;
				CLANG_ENABLE_OBJC_WEAK = YES;
				CLANG_WARN_BLOCK_CAPTURE_AUTORELEASING = YES;
				CLANG_WARN_BOOL_CONVERSION = YES;
				CLANG_WARN_COMMA = YES;
				CLANG_WARN_CONSTANT_CONVERSION = YES;
				CLANG_WARN_DEPRECATED_OBJC_IMPLEMENTATIONS = YES;
				CLANG_WARN_DIRECT_OBJC_ISA_USAGE = YES_ERROR;
				CLANG_WARN_DOCUMENTATION_COMMENTS = YES;
				CLANG_WARN_EMPTY_BODY = YES;
				CLANG_WARN_ENUM_CONVERSION = YES;
				CLANG_WARN_INFINITE_RECURSION = YES;
				CLANG_WARN_INT_CONVERSION = YES;
				CLANG_WARN_NON_LITERAL_NULL_CONVERSION = YES;
				CLANG_WARN_OBJC_IMPLICIT_RETAIN_SELF = YES;
				CLANG_WARN_OBJC_LITERAL_CONVERSION = YES;
				CLANG_WARN_OBJC_ROOT_CLASS = YES_ERROR;
				CLANG_WARN_QUOTED_INCLUDE_IN_FRAMEWORK_HEADER = YES;
				CLANG_WARN_RANGE_LOOP_ANALYSIS = YES;
				CLANG_WARN_STRICT_PROTOTYPES = YES;
				CLANG_WARN_SUSPICIOUS_MOVE = YES;
				CLANG_WARN_UNGUARDED_AVAILABILITY = YES_AGGRESSIVE;
				CLANG_WARN_UNREACHABLE_CODE = YES;
				CLANG_WARN__DUPLICATE_METHOD_MATCH = YES;
				COPY_PHASE_STRIP = NO;
				DEBUG_INFORMATION_FORMAT = "dwarf-with-dsym";
				ENABLE_NS_ASSERTIONS = NO;
				ENABLE_STRICT_OBJC_MSGSEND = YES;
				GCC_C_LANGUAGE_STANDARD = gnu11;
				GCC_NO_COMMON_BLOCKS = YES;
				GCC_WARN_64_TO_32_BIT_CONVERSION = YES;
				GCC_WARN_ABOUT_RETURN_TYPE = YES_ERROR;
				GCC_WARN_UNDECLARED_SELECTOR = YES;
				GCC_WARN_UNINITIALIZED_AUTOS = YES_AGGRESSIVE;
				GCC_WARN_UNUSED_FUNCTION = YES;
				GCC_WARN_UNUSED_VARIABLE = YES;
				IPHONEOS_DEPLOYMENT_TARGET = 16.0;
				MTL_ENABLE_DEBUG_INFO = NO;
				MTL_FAST_MATH = YES;
				SDKROOT = iphoneos;
				SWIFT_COMPILATION_MODE = wholemodule;
				SWIFT_OPTIMIZATION_LEVEL = "-O";
				VALIDATE_PRODUCT = YES;
			};
			name = Release;
		};
		9B17BF122A95BBE8007516C6 /* Debug */ = {
			isa = XCBuildConfiguration;
			buildSettings = {
				ASSETCATALOG_COMPILER_APPICON_NAME = AppIcon;
				ASSETCATALOG_COMPILER_GLOBAL_ACCENT_COLOR_NAME = AccentColor;
				CODE_SIGN_STYLE = Automatic;
				CURRENT_PROJECT_VERSION = 1;
				DEVELOPMENT_ASSET_PATHS = "\"HomeHQ/Preview Content\"";
				DEVELOPMENT_TEAM = 677472YA6F;
				ENABLE_PREVIEWS = YES;
				GENERATE_INFOPLIST_FILE = YES;
				INFOPLIST_FILE = HomeHQ/Info.plist;
				INFOPLIST_KEY_UIApplicationSceneManifest_Generation = YES;
				INFOPLIST_KEY_UIApplicationSupportsIndirectInputEvents = YES;
				INFOPLIST_KEY_UILaunchScreen_Generation = YES;
				INFOPLIST_KEY_UILaunchStoryboardName = LaunchScreen.storyboard;
				INFOPLIST_KEY_UISupportedInterfaceOrientations_iPad = "UIInterfaceOrientationPortrait UIInterfaceOrientationPortraitUpsideDown UIInterfaceOrientationLandscapeLeft UIInterfaceOrientationLandscapeRight";
				INFOPLIST_KEY_UISupportedInterfaceOrientations_iPhone = "UIInterfaceOrientationPortrait UIInterfaceOrientationLandscapeLeft UIInterfaceOrientationLandscapeRight";
				IPHONEOS_DEPLOYMENT_TARGET = 16.0;
				LD_RUNPATH_SEARCH_PATHS = (
					"$(inherited)",
					"@executable_path/Frameworks",
				);
				MARKETING_VERSION = 1.0;
				PRODUCT_BUNDLE_IDENTIFIER = com.jakerepo.HomeHQ;
				PRODUCT_NAME = "$(TARGET_NAME)";
				SWIFT_EMIT_LOC_STRINGS = YES;
				SWIFT_VERSION = 5.0;
				TARGETED_DEVICE_FAMILY = "1,2";
			};
			name = Debug;
		};
		9B17BF132A95BBE8007516C6 /* Release */ = {
			isa = XCBuildConfiguration;
			buildSettings = {
				ASSETCATALOG_COMPILER_APPICON_NAME = AppIcon;
				ASSETCATALOG_COMPILER_GLOBAL_ACCENT_COLOR_NAME = AccentColor;
				CODE_SIGN_STYLE = Automatic;
				CURRENT_PROJECT_VERSION = 1;
				DEVELOPMENT_ASSET_PATHS = "\"HomeHQ/Preview Content\"";
				DEVELOPMENT_TEAM = 677472YA6F;
				ENABLE_PREVIEWS = YES;
				GENERATE_INFOPLIST_FILE = YES;
				INFOPLIST_FILE = HomeHQ/Info.plist;
				INFOPLIST_KEY_UIApplicationSceneManifest_Generation = YES;
				INFOPLIST_KEY_UIApplicationSupportsIndirectInputEvents = YES;
				INFOPLIST_KEY_UILaunchScreen_Generation = YES;
				INFOPLIST_KEY_UILaunchStoryboardName = LaunchScreen.storyboard;
				INFOPLIST_KEY_UISupportedInterfaceOrientations_iPad = "UIInterfaceOrientationPortrait UIInterfaceOrientationPortraitUpsideDown UIInterfaceOrientationLandscapeLeft UIInterfaceOrientationLandscapeRight";
				INFOPLIST_KEY_UISupportedInterfaceOrientations_iPhone = "UIInterfaceOrientationPortrait UIInterfaceOrientationLandscapeLeft UIInterfaceOrientationLandscapeRight";
				IPHONEOS_DEPLOYMENT_TARGET = 16.0;
				LD_RUNPATH_SEARCH_PATHS = (
					"$(inherited)",
					"@executable_path/Frameworks",
				);
				MARKETING_VERSION = 1.0;
				PRODUCT_BUNDLE_IDENTIFIER = com.jakerepo.HomeHQ;
				PRODUCT_NAME = "$(TARGET_NAME)";
				SWIFT_EMIT_LOC_STRINGS = YES;
				SWIFT_VERSION = 5.0;
				TARGETED_DEVICE_FAMILY = "1,2";
			};
			name = Release;
		};
/* End XCBuildConfiguration section */

/* Begin XCConfigurationList section */
		9B17BEFE2A95BBE7007516C6 /* Build configuration list for PBXProject "HomeHQ" */ = {
			isa = XCConfigurationList;
			buildConfigurations = (
				9B17BF0F2A95BBE8007516C6 /* Debug */,
				9B17BF102A95BBE8007516C6 /* Release */,
			);
			defaultConfigurationIsVisible = 0;
			defaultConfigurationName = Release;
		};
		9B17BF112A95BBE8007516C6 /* Build configuration list for PBXNativeTarget "HomeHQ" */ = {
			isa = XCConfigurationList;
			buildConfigurations = (
				9B17BF122A95BBE8007516C6 /* Debug */,
				9B17BF132A95BBE8007516C6 /* Release */,
			);
			defaultConfigurationIsVisible = 0;
			defaultConfigurationName = Release;
		};
/* End XCConfigurationList section */

/* Begin XCRemoteSwiftPackageReference section */
		9B17BF3A2A96096B007516C6 /* XCRemoteSwiftPackageReference "firebase-ios-sdk" */ = {
			isa = XCRemoteSwiftPackageReference;
			repositoryURL = "https://github.com/firebase/firebase-ios-sdk";
			requirement = {
				kind = upToNextMajorVersion;
				minimumVersion = 10.0.0;
			};
		};
/* End XCRemoteSwiftPackageReference section */

/* Begin XCSwiftPackageProductDependency section */
		9B17BF3B2A96096B007516C6 /* FirebaseAnalytics */ = {
			isa = XCSwiftPackageProductDependency;
			package = 9B17BF3A2A96096B007516C6 /* XCRemoteSwiftPackageReference "firebase-ios-sdk" */;
			productName = FirebaseAnalytics;
		};
		9B17BF3D2A96096B007516C6 /* FirebaseAnalyticsSwift */ = {
			isa = XCSwiftPackageProductDependency;
			package = 9B17BF3A2A96096B007516C6 /* XCRemoteSwiftPackageReference "firebase-ios-sdk" */;
			productName = FirebaseAnalyticsSwift;
		};
		9B17BF3F2A96096B007516C6 /* FirebaseAuth */ = {
			isa = XCSwiftPackageProductDependency;
			package = 9B17BF3A2A96096B007516C6 /* XCRemoteSwiftPackageReference "firebase-ios-sdk" */;
			productName = FirebaseAuth;
		};
/* End XCSwiftPackageProductDependency section */
	};
	rootObject = 9B17BEFB2A95BBE7007516C6 /* Project object */;
}
